
Microsoft Visual Studio Solution File, Format Version 12.00
# Visual Studio Version 16
VisualStudioVersion = 16.0.29306.81
MinimumVisualStudioVersion = 10.0.40219.1
Project("{8BC9CEB8-8B4A-11D0-8D11-00A0C91BC942}") = "带负数的背包问题", "带负数的背包问题\带负数的背包问题.vcxproj", "{FFA44A33-440C-43C7-ABCC-3FC012725E5F}"
EndProject
Global
	GlobalSection(SolutionConfigurationPlatforms) = preSolution
		Debug|x64 = Debug|x64
		Debug|x86 = Debug|x86
		Release|x64 = Release|x64
		Release|x86 = Release|x86
	EndGlobalSection
	GlobalSection(ProjectConfigurationPlatforms) = postSolution
		{FFA44A33-440C-43C7-ABCC-3FC012725E5F}.Debug|x64.ActiveCfg = Debug|x64
		{FFA44A33-440C-43C7-ABCC-3FC012725E5F}.Debug|x64.Build.0 = Debug|x64
		{FFA44A33-440C-43C7-ABCC-3FC012725E5F}.Debug|x86.ActiveCfg = Debug|Win32
		{FFA44A33-440C-43C7-ABCC-3FC012725E5F}.Debug|x86.Build.0 = Debug|Win32
		{FFA44A33-440C-43C7-ABCC-3FC012725E5F}.Release|x64.ActiveCfg = Release|x64
		{FFA44A33-440C-43C7-ABCC-3FC012725E5F}.Release|x64.Build.0 = Release|x64
		{FFA44A33-440C-43C7-ABCC-3FC012725E5F}.Release|x86.ActiveCfg = Release|Win32
		{FFA44A33-440C-43C7-ABCC-3FC012725E5F}.Release|x86.Build.0 = Release|Win32
	EndGlobalSection
	GlobalSection(SolutionProperties) = preSolution
		HideSolutionNode = FALSE
	EndGlobalSection
	GlobalSection(ExtensibilityGlobals) = postSolution
		SolutionGuid = {F48B4740-F6EF-44BD-84CA-031E44B20EBE}
	EndGlobalSection
EndGlobal
