
Microsoft Visual Studio Solution File, Format Version 12.00
# Visual Studio Version 16
VisualStudioVersion = 16.0.29926.136
MinimumVisualStudioVersion = 10.0.40219.1
Project("{8BC9CEB8-8B4A-11D0-8D11-00A0C91BC942}") = "条款52：测试自己的类中的new覆盖global中的new", "条款52：测试自己的类中的new覆盖global中的new\条款52：测试自己的类中的new覆盖global中的new.vcxproj", "{6E36C8FE-A2D5-4020-95CB-C9CDEB921D4F}"
EndProject
Global
	GlobalSection(SolutionConfigurationPlatforms) = preSolution
		Debug|x64 = Debug|x64
		Debug|x86 = Debug|x86
		Release|x64 = Release|x64
		Release|x86 = Release|x86
	EndGlobalSection
	GlobalSection(ProjectConfigurationPlatforms) = postSolution
		{6E36C8FE-A2D5-4020-95CB-C9CDEB921D4F}.Debug|x64.ActiveCfg = Debug|x64
		{6E36C8FE-A2D5-4020-95CB-C9CDEB921D4F}.Debug|x64.Build.0 = Debug|x64
		{6E36C8FE-A2D5-4020-95CB-C9CDEB921D4F}.Debug|x86.ActiveCfg = Debug|Win32
		{6E36C8FE-A2D5-4020-95CB-C9CDEB921D4F}.Debug|x86.Build.0 = Debug|Win32
		{6E36C8FE-A2D5-4020-95CB-C9CDEB921D4F}.Release|x64.ActiveCfg = Release|x64
		{6E36C8FE-A2D5-4020-95CB-C9CDEB921D4F}.Release|x64.Build.0 = Release|x64
		{6E36C8FE-A2D5-4020-95CB-C9CDEB921D4F}.Release|x86.ActiveCfg = Release|Win32
		{6E36C8FE-A2D5-4020-95CB-C9CDEB921D4F}.Release|x86.Build.0 = Release|Win32
	EndGlobalSection
	GlobalSection(SolutionProperties) = preSolution
		HideSolutionNode = FALSE
	EndGlobalSection
	GlobalSection(ExtensibilityGlobals) = postSolution
		SolutionGuid = {A89DCF4E-710C-4B5C-8712-FBDD8B5F6FB5}
	EndGlobalSection
EndGlobal
