
Microsoft Visual Studio Solution File, Format Version 12.00
# Visual Studio Version 16
VisualStudioVersion = 16.0.29926.136
MinimumVisualStudioVersion = 10.0.40219.1
Project("{8BC9CEB8-8B4A-11D0-8D11-00A0C91BC942}") = "条款51：继承类不应该调用基类中自定义的new", "条款51：继承类不应该调用基类中自定义的new\条款51：继承类不应该调用基类中自定义的new.vcxproj", "{8EAA983A-C4E3-43BF-AB4E-67E238E1E000}"
EndProject
Global
	GlobalSection(SolutionConfigurationPlatforms) = preSolution
		Debug|x64 = Debug|x64
		Debug|x86 = Debug|x86
		Release|x64 = Release|x64
		Release|x86 = Release|x86
	EndGlobalSection
	GlobalSection(ProjectConfigurationPlatforms) = postSolution
		{8EAA983A-C4E3-43BF-AB4E-67E238E1E000}.Debug|x64.ActiveCfg = Debug|x64
		{8EAA983A-C4E3-43BF-AB4E-67E238E1E000}.Debug|x64.Build.0 = Debug|x64
		{8EAA983A-C4E3-43BF-AB4E-67E238E1E000}.Debug|x86.ActiveCfg = Debug|Win32
		{8EAA983A-C4E3-43BF-AB4E-67E238E1E000}.Debug|x86.Build.0 = Debug|Win32
		{8EAA983A-C4E3-43BF-AB4E-67E238E1E000}.Release|x64.ActiveCfg = Release|x64
		{8EAA983A-C4E3-43BF-AB4E-67E238E1E000}.Release|x64.Build.0 = Release|x64
		{8EAA983A-C4E3-43BF-AB4E-67E238E1E000}.Release|x86.ActiveCfg = Release|Win32
		{8EAA983A-C4E3-43BF-AB4E-67E238E1E000}.Release|x86.Build.0 = Release|Win32
	EndGlobalSection
	GlobalSection(SolutionProperties) = preSolution
		HideSolutionNode = FALSE
	EndGlobalSection
	GlobalSection(ExtensibilityGlobals) = postSolution
		SolutionGuid = {C653A7D5-070F-458E-85A0-92A8DD3A8D85}
	EndGlobalSection
EndGlobal
